
Microsoft Visual Studio Solution File, Format Version 12.00
# Visual Studio Version 16
VisualStudioVersion = 16.0.30804.86
MinimumVisualStudioVersion = 10.0.40219.1
Project("{FAE04EC0-301F-11D3-BF4B-00C04F79EFBC}") = "forum.application", "forum.application\forum.application.csproj", "{674B27D2-02ED-4424-B57C-F676784E3E5D}"
EndProject
Project("{FAE04EC0-301F-11D3-BF4B-00C04F79EFBC}") = "forum.business", "forum.business\forum.business.csproj", "{FECC4508-AD87-4021-98F1-9517385988BD}"
EndProject
Global
	GlobalSection(SolutionConfigurationPlatforms) = preSolution
		Debug|Any CPU = Debug|Any CPU
		Release|Any CPU = Release|Any CPU
	EndGlobalSection
	GlobalSection(ProjectConfigurationPlatforms) = postSolution
		{674B27D2-02ED-4424-B57C-F676784E3E5D}.Debug|Any CPU.ActiveCfg = Debug|Any CPU
		{674B27D2-02ED-4424-B57C-F676784E3E5D}.Debug|Any CPU.Build.0 = Debug|Any CPU
		{674B27D2-02ED-4424-B57C-F676784E3E5D}.Release|Any CPU.ActiveCfg = Release|Any CPU
		{674B27D2-02ED-4424-B57C-F676784E3E5D}.Release|Any CPU.Build.0 = Release|Any CPU
		{FECC4508-AD87-4021-98F1-9517385988BD}.Debug|Any CPU.ActiveCfg = Debug|Any CPU
		{FECC4508-AD87-4021-98F1-9517385988BD}.Debug|Any CPU.Build.0 = Debug|Any CPU
		{FECC4508-AD87-4021-98F1-9517385988BD}.Release|Any CPU.ActiveCfg = Release|Any CPU
		{FECC4508-AD87-4021-98F1-9517385988BD}.Release|Any CPU.Build.0 = Release|Any CPU
	EndGlobalSection
	GlobalSection(SolutionProperties) = preSolution
		HideSolutionNode = FALSE
	EndGlobalSection
	GlobalSection(ExtensibilityGlobals) = postSolution
		SolutionGuid = {4CFB761A-6A31-41C4-8042-3088D7A1715E}
	EndGlobalSection
EndGlobal
